// !$*UTF8*$!
{
	archiveVersion = 1;
	classes = {
	};
	objectVersion = 56;
	objects = {

/* Begin PBXBuildFile section */
		D62A3DC72C6A032800EE5AC8 /* SwitchApp.swift in Sources */ = {isa = PBXBuildFile; fileRef = D62A3DC62C6A032800EE5AC8 /* SwitchApp.swift */; };
		D62A3DC92C6A032800EE5AC8 /* ContentView.swift in Sources */ = {isa = PBXBuildFile; fileRef = D62A3DC82C6A032800EE5AC8 /* ContentView.swift */; };
		D62A3DCB2C6A032900EE5AC8 /* Assets.xcassets in Resources */ = {isa = PBXBuildFile; fileRef = D62A3DCA2C6A032900EE5AC8 /* Assets.xcassets */; };
		D62A3DCE2C6A032900EE5AC8 /* Preview Assets.xcassets in Resources */ = {isa = PBXBuildFile; fileRef = D62A3DCD2C6A032900EE5AC8 /* Preview Assets.xcassets */; };
		D62A3DD82C6A032900EE5AC8 /* SwitchTests.swift in Sources */ = {isa = PBXBuildFile; fileRef = D62A3DD72C6A032900EE5AC8 /* SwitchTests.swift */; };
		D62A3DE22C6A032900EE5AC8 /* SwitchUITests.swift in Sources */ = {isa = PBXBuildFile; fileRef = D62A3DE12C6A032900EE5AC8 /* SwitchUITests.swift */; };
		D62A3DE42C6A032900EE5AC8 /* SwitchUITestsLaunchTests.swift in Sources */ = {isa = PBXBuildFile; fileRef = D62A3DE32C6A032900EE5AC8 /* SwitchUITestsLaunchTests.swift */; };
/* End PBXBuildFile section */

/* Begin PBXContainerItemProxy section */
		D62A3DD42C6A032900EE5AC8 /* PBXContainerItemProxy */ = {
			isa = PBXContainerItemProxy;
			containerPortal = D62A3DBB2C6A032800EE5AC8 /* Project object */;
			proxyType = 1;
			remoteGlobalIDString = D62A3DC22C6A032800EE5AC8;
			remoteInfo = Switch;
		};
		D62A3DDE2C6A032900EE5AC8 /* PBXContainerItemProxy */ = {
			isa = PBXContainerItemProxy;
			containerPortal = D62A3DBB2C6A032800EE5AC8 /* Project object */;
			proxyType = 1;
			remoteGlobalIDString = D62A3DC22C6A032800EE5AC8;
			remoteInfo = Switch;
		};
/* End PBXContainerItemProxy section */

/* Begin PBXFileReference section */
		D62A3DC32C6A032800EE5AC8 /* Switch.app */ = {isa = PBXFileReference; explicitFileType = wrapper.application; includeInIndex = 0; path = Switch.app; sourceTree = BUILT_PRODUCTS_DIR; };
		D62A3DC62C6A032800EE5AC8 /* SwitchApp.swift */ = {isa = PBXFileReference; lastKnownFileType = sourcecode.swift; path = SwitchApp.swift; sourceTree = "<group>"; };
		D62A3DC82C6A032800EE5AC8 /* ContentView.swift */ = {isa = PBXFileReference; lastKnownFileType = sourcecode.swift; path = ContentView.swift; sourceTree = "<group>"; };
		D62A3DCA2C6A032900EE5AC8 /* Assets.xcassets */ = {isa = PBXFileReference; lastKnownFileType = folder.assetcatalog; path = Assets.xcassets; sourceTree = "<group>"; };
		D62A3DCD2C6A032900EE5AC8 /* Preview Assets.xcassets */ = {isa = PBXFileReference; lastKnownFileType = folder.assetcatalog; path = "Preview Assets.xcassets"; sourceTree = "<group>"; };
		D62A3DD32C6A032900EE5AC8 /* SwitchTests.xctest */ = {isa = PBXFileReference; explicitFileType = wrapper.cfbundle; includeInIndex = 0; path = SwitchTests.xctest; sourceTree = BUILT_PRODUCTS_DIR; };
		D62A3DD72C6A032900EE5AC8 /* SwitchTests.swift */ = {isa = PBXFileReference; lastKnownFileType = sourcecode.swift; path = SwitchTests.swift; sourceTree = "<group>"; };
		D62A3DDD2C6A032900EE5AC8 /* SwitchUITests.xctest */ = {isa = PBXFileReference; explicitFileType = wrapper.cfbundle; includeInIndex = 0; path = SwitchUITests.xctest; sourceTree = BUILT_PRODUCTS_DIR; };
		D62A3DE12C6A032900EE5AC8 /* SwitchUITests.swift */ = {isa = PBXFileReference; lastKnownFileType = sourcecode.swift; path = SwitchUITests.swift; sourceTree = "<group>"; };
		D62A3DE32C6A032900EE5AC8 /* SwitchUITestsLaunchTests.swift */ = {isa = PBXFileReference; lastKnownFileType = sourcecode.swift; path = SwitchUITestsLaunchTests.swift; sourceTree = "<group>"; };
/* End PBXFileReference section */

/* Begin PBXFrameworksBuildPhase section */
		D62A3DC02C6A032800EE5AC8 /* Frameworks */ = {
			isa = PBXFrameworksBuildPhase;
			buildActionMask = 2147483647;
			files = (
			);
			runOnlyForDeploymentPostprocessing = 0;
		};
		D62A3DD02C6A032900EE5AC8 /* Frameworks */ = {
			isa = PBXFrameworksBuildPhase;
			buildActionMask = 2147483647;
			files = (
			);
			runOnlyForDeploymentPostprocessing = 0;
		};
		D62A3DDA2C6A032900EE5AC8 /* Frameworks */ = {
			isa = PBXFrameworksBuildPhase;
			buildActionMask = 2147483647;
			files = (
			);
			runOnlyForDeploymentPostprocessing = 0;
		};
/* End PBXFrameworksBuildPhase section */

/* Begin PBXGroup section */
		D62A3DBA2C6A032800EE5AC8 = {
			isa = PBXGroup;
			children = (
				D62A3DC52C6A032800EE5AC8 /* Switch */,
				D62A3DD62C6A032900EE5AC8 /* SwitchTests */,
				D62A3DE02C6A032900EE5AC8 /* SwitchUITests */,
				D62A3DC42C6A032800EE5AC8 /* Products */,
			);
			sourceTree = "<group>";
		};
		D62A3DC42C6A032800EE5AC8 /* Products */ = {
			isa = PBXGroup;
			children = (
				D62A3DC32C6A032800EE5AC8 /* Switch.app */,
				D62A3DD32C6A032900EE5AC8 /* SwitchTests.xctest */,
				D62A3DDD2C6A032900EE5AC8 /* SwitchUITests.xctest */,
			);
			name = Products;
			sourceTree = "<group>";
		};
		D62A3DC52C6A032800EE5AC8 /* Switch */ = {
			isa = PBXGroup;
			children = (
				D62A3DC62C6A032800EE5AC8 /* SwitchApp.swift */,
				D62A3DC82C6A032800EE5AC8 /* ContentView.swift */,
				D62A3DCA2C6A032900EE5AC8 /* Assets.xcassets */,
				D62A3DCC2C6A032900EE5AC8 /* Preview Content */,
			);
			path = Switch;
			sourceTree = "<group>";
		};
		D62A3DCC2C6A032900EE5AC8 /* Preview Content */ = {
			isa = PBXGroup;
			children = (
				D62A3DCD2C6A032900EE5AC8 /* Preview Assets.xcassets */,
			);
			path = "Preview Content";
			sourceTree = "<group>";
		};
		D62A3DD62C6A032900EE5AC8 /* SwitchTests */ = {
			isa = PBXGroup;
			children = (
				D62A3DD72C6A032900EE5AC8 /* SwitchTests.swift */,
			);
			path = SwitchTests;
			sourceTree = "<group>";
		};
		D62A3DE02C6A032900EE5AC8 /* SwitchUITests */ = {
			isa = PBXGroup;
			children = (
				D62A3DE12C6A032900EE5AC8 /* SwitchUITests.swift */,
				D62A3DE32C6A032900EE5AC8 /* SwitchUITestsLaunchTests.swift */,
			);
			path = SwitchUITests;
			sourceTree = "<group>";
		};
/* End PBXGroup section */

/* Begin PBXNativeTarget section */
		D62A3DC22C6A032800EE5AC8 /* Switch */ = {
			isa = PBXNativeTarget;
			buildConfigurationList = D62A3DE72C6A032900EE5AC8 /* Build configuration list for PBXNativeTarget "Switch" */;
			buildPhases = (
				D62A3DBF2C6A032800EE5AC8 /* Sources */,
				D62A3DC02C6A032800EE5AC8 /* Frameworks */,
				D62A3DC12C6A032800EE5AC8 /* Resources */,
			);
			buildRules = (
			);
			dependencies = (
			);
			name = Switch;
			productName = Switch;
			productReference = D62A3DC32C6A032800EE5AC8 /* Switch.app */;
			productType = "com.apple.product-type.application";
		};
		D62A3DD22C6A032900EE5AC8 /* SwitchTests */ = {
			isa = PBXNativeTarget;
			buildConfigurationList = D62A3DEA2C6A032900EE5AC8 /* Build configuration list for PBXNativeTarget "SwitchTests" */;
			buildPhases = (
				D62A3DCF2C6A032900EE5AC8 /* Sources */,
				D62A3DD02C6A032900EE5AC8 /* Frameworks */,
				D62A3DD12C6A032900EE5AC8 /* Resources */,
			);
			buildRules = (
			);
			dependencies = (
				D62A3DD52C6A032900EE5AC8 /* PBXTargetDependency */,
			);
			name = SwitchTests;
			productName = SwitchTests;
			productReference = D62A3DD32C6A032900EE5AC8 /* SwitchTests.xctest */;
			productType = "com.apple.product-type.bundle.unit-test";
		};
		D62A3DDC2C6A032900EE5AC8 /* SwitchUITests */ = {
			isa = PBXNativeTarget;
			buildConfigurationList = D62A3DED2C6A032900EE5AC8 /* Build configuration list for PBXNativeTarget "SwitchUITests" */;
			buildPhases = (
				D62A3DD92C6A032900EE5AC8 /* Sources */,
				D62A3DDA2C6A032900EE5AC8 /* Frameworks */,
				D62A3DDB2C6A032900EE5AC8 /* Resources */,
			);
			buildRules = (
			);
			dependencies = (
				D62A3DDF2C6A032900EE5AC8 /* PBXTargetDependency */,
			);
			name = SwitchUITests;
			productName = SwitchUITests;
			productReference = D62A3DDD2C6A032900EE5AC8 /* SwitchUITests.xctest */;
			productType = "com.apple.product-type.bundle.ui-testing";
		};
/* End PBXNativeTarget section */

/* Begin PBXProject section */
		D62A3DBB2C6A032800EE5AC8 /* Project object */ = {
			isa = PBXProject;
			attributes = {
				BuildIndependentTargetsInParallel = 1;
				LastSwiftUpdateCheck = 1530;
				LastUpgradeCheck = 1530;
				TargetAttributes = {
					D62A3DC22C6A032800EE5AC8 = {
						CreatedOnToolsVersion = 15.3;
					};
					D62A3DD22C6A032900EE5AC8 = {
						CreatedOnToolsVersion = 15.3;
						TestTargetID = D62A3DC22C6A032800EE5AC8;
					};
					D62A3DDC2C6A032900EE5AC8 = {
						CreatedOnToolsVersion = 15.3;
						TestTargetID = D62A3DC22C6A032800EE5AC8;
					};
				};
			};
			buildConfigurationList = D62A3DBE2C6A032800EE5AC8 /* Build configuration list for PBXProject "Switch" */;
			compatibilityVersion = "Xcode 14.0";
			developmentRegion = en;
			hasScannedForEncodings = 0;
			knownRegions = (
				en,
				Base,
			);
			mainGroup = D62A3DBA2C6A032800EE5AC8;
			productRefGroup = D62A3DC42C6A032800EE5AC8 /* Products */;
			projectDirPath = "";
			projectRoot = "";
			targets = (
				D62A3DC22C6A032800EE5AC8 /* Switch */,
				D62A3DD22C6A032900EE5AC8 /* SwitchTests */,
				D62A3DDC2C6A032900EE5AC8 /* SwitchUITests */,
			);
		};
/* End PBXProject section */

/* Begin PBXResourcesBuildPhase section */
		D62A3DC12C6A032800EE5AC8 /* Resources */ = {
			isa = PBXResourcesBuildPhase;
			buildActionMask = 2147483647;
			files = (
				D62A3DCE2C6A032900EE5AC8 /* Preview Assets.xcassets in Resources */,
				D62A3DCB2C6A032900EE5AC8 /* Assets.xcassets in Resources */,
			);
			runOnlyForDeploymentPostprocessing = 0;
		};
		D62A3DD12C6A032900EE5AC8 /* Resources */ = {
			isa = PBXResourcesBuildPhase;
			buildActionMask = 2147483647;
			files = (
			);
			runOnlyForDeploymentPostprocessing = 0;
		};
		D62A3DDB2C6A032900EE5AC8 /* Resources */ = {
			isa = PBXResourcesBuildPhase;
			buildActionMask = 2147483647;
			files = (
			);
			runOnlyForDeploymentPostprocessing = 0;
		};
/* End PBXResourcesBuildPhase section */

/* Begin PBXSourcesBuildPhase section */
		D62A3DBF2C6A032800EE5AC8 /* Sources */ = {
			isa = PBXSourcesBuildPhase;
			buildActionMask = 2147483647;
			files = (
				D62A3DC92C6A032800EE5AC8 /* ContentView.swift in Sources */,
				D62A3DC72C6A032800EE5AC8 /* SwitchApp.swift in Sources */,
			);
			runOnlyForDeploymentPostprocessing = 0;
		};
		D62A3DCF2C6A032900EE5AC8 /* Sources */ = {
			isa = PBXSourcesBuildPhase;
			buildActionMask = 2147483647;
			files = (
				D62A3DD82C6A032900EE5AC8 /* SwitchTests.swift in Sources */,
			);
			runOnlyForDeploymentPostprocessing = 0;
		};
		D62A3DD92C6A032900EE5AC8 /* Sources */ = {
			isa = PBXSourcesBuildPhase;
			buildActionMask = 2147483647;
			files = (
				D62A3DE42C6A032900EE5AC8 /* SwitchUITestsLaunchTests.swift in Sources */,
				D62A3DE22C6A032900EE5AC8 /* SwitchUITests.swift in Sources */,
			);
			runOnlyForDeploymentPostprocessing = 0;
		};
/* End PBXSourcesBuildPhase section */

/* Begin PBXTargetDependency section */
		D62A3DD52C6A032900EE5AC8 /* PBXTargetDependency */ = {
			isa = PBXTargetDependency;
			target = D62A3DC22C6A032800EE5AC8 /* Switch */;
			targetProxy = D62A3DD42C6A032900EE5AC8 /* PBXContainerItemProxy */;
		};
		D62A3DDF2C6A032900EE5AC8 /* PBXTargetDependency */ = {
			isa = PBXTargetDependency;
			target = D62A3DC22C6A032800EE5AC8 /* Switch */;
			targetProxy = D62A3DDE2C6A032900EE5AC8 /* PBXContainerItemProxy */;
		};
/* End PBXTargetDependency section */

/* Begin XCBuildConfiguration section */
		D62A3DE52C6A032900EE5AC8 /* Debug */ = {
			isa = XCBuildConfiguration;
			buildSettings = {
				ALWAYS_SEARCH_USER_PATHS = NO;
				ASSETCATALOG_COMPILER_GENERATE_SWIFT_ASSET_SYMBOL_EXTENSIONS = YES;
				CLANG_ANALYZER_NONNULL = YES;
				CLANG_ANALYZER_NUMBER_OBJECT_CONVERSION = YES_AGGRESSIVE;
				CLANG_CXX_LANGUAGE_STANDARD = "gnu++20";
				CLANG_ENABLE_MODULES = YES;
				CLANG_ENABLE_OBJC_ARC = YES;
				CLANG_ENABLE_OBJC_WEAK = YES;
				CLANG_WARN_BLOCK_CAPTURE_AUTORELEASING = YES;
				CLANG_WARN_BOOL_CONVERSION = YES;
				CLANG_WARN_COMMA = YES;
				CLANG_WARN_CONSTANT_CONVERSION = YES;
				CLANG_WARN_DEPRECATED_OBJC_IMPLEMENTATIONS = YES;
				CLANG_WARN_DIRECT_OBJC_ISA_USAGE = YES_ERROR;
				CLANG_WARN_DOCUMENTATION_COMMENTS = YES;
				CLANG_WARN_EMPTY_BODY = YES;
				CLANG_WARN_ENUM_CONVERSION = YES;
				CLANG_WARN_INFINITE_RECURSION = YES;
				CLANG_WARN_INT_CONVERSION = YES;
				CLANG_WARN_NON_LITERAL_NULL_CONVERSION = YES;
				CLANG_WARN_OBJC_IMPLICIT_RETAIN_SELF = YES;
				CLANG_WARN_OBJC_LITERAL_CONVERSION = YES;
				CLANG_WARN_OBJC_ROOT_CLASS = YES_ERROR;
				CLANG_WARN_QUOTED_INCLUDE_IN_FRAMEWORK_HEADER = YES;
				CLANG_WARN_RANGE_LOOP_ANALYSIS = YES;
				CLANG_WARN_STRICT_PROTOTYPES = YES;
				CLANG_WARN_SUSPICIOUS_MOVE = YES;
				CLANG_WARN_UNGUARDED_AVAILABILITY = YES_AGGRESSIVE;
				CLANG_WARN_UNREACHABLE_CODE = YES;
				CLANG_WARN__DUPLICATE_METHOD_MATCH = YES;
				COPY_PHASE_STRIP = NO;
				DEBUG_INFORMATION_FORMAT = dwarf;
				ENABLE_STRICT_OBJC_MSGSEND = YES;
				ENABLE_TESTABILITY = YES;
				ENABLE_USER_SCRIPT_SANDBOXING = YES;
				GCC_C_LANGUAGE_STANDARD = gnu17;
				GCC_DYNAMIC_NO_PIC = NO;
				GCC_NO_COMMON_BLOCKS = YES;
				GCC_OPTIMIZATION_LEVEL = 0;
				GCC_PREPROCESSOR_DEFINITIONS = (
					"DEBUG=1",
					"$(inherited)",
				);
				GCC_WARN_64_TO_32_BIT_CONVERSION = YES;
				GCC_WARN_ABOUT_RETURN_TYPE = YES_ERROR;
				GCC_WARN_UNDECLARED_SELECTOR = YES;
				GCC_WARN_UNINITIALIZED_AUTOS = YES_AGGRESSIVE;
				GCC_WARN_UNUSED_FUNCTION = YES;
				GCC_WARN_UNUSED_VARIABLE = YES;
				IPHONEOS_DEPLOYMENT_TARGET = 17.4;
				LOCALIZATION_PREFERS_STRING_CATALOGS = YES;
				MTL_ENABLE_DEBUG_INFO = INCLUDE_SOURCE;
				MTL_FAST_MATH = YES;
				ONLY_ACTIVE_ARCH = YES;
				SDKROOT = iphoneos;
				SWIFT_ACTIVE_COMPILATION_CONDITIONS = "DEBUG $(inherited)";
				SWIFT_OPTIMIZATION_LEVEL = "-Onone";
			};
			name = Debug;
		};
		D62A3DE62C6A032900EE5AC8 /* Release */ = {
			isa = XCBuildConfiguration;
			buildSettings = {
				ALWAYS_SEARCH_USER_PATHS = NO;
				ASSETCATALOG_COMPILER_GENERATE_SWIFT_ASSET_SYMBOL_EXTENSIONS = YES;
				CLANG_ANALYZER_NONNULL = YES;
				CLANG_ANALYZER_NUMBER_OBJECT_CONVERSION = YES_AGGRESSIVE;
				CLANG_CXX_LANGUAGE_STANDARD = "gnu++20";
				CLANG_ENABLE_MODULES = YES;
				CLANG_ENABLE_OBJC_ARC = YES;
				CLANG_ENABLE_OBJC_WEAK = YES;
				CLANG_WARN_BLOCK_CAPTURE_AUTORELEASING = YES;
				CLANG_WARN_BOOL_CONVERSION = YES;
				CLANG_WARN_COMMA = YES;
				CLANG_WARN_CONSTANT_CONVERSION = YES;
				CLANG_WARN_DEPRECATED_OBJC_IMPLEMENTATIONS = YES;
				CLANG_WARN_DIRECT_OBJC_ISA_USAGE = YES_ERROR;
				CLANG_WARN_DOCUMENTATION_COMMENTS = YES;
				CLANG_WARN_EMPTY_BODY = YES;
				CLANG_WARN_ENUM_CONVERSION = YES;
				CLANG_WARN_INFINITE_RECURSION = YES;
				CLANG_WARN_INT_CONVERSION = YES;
				CLANG_WARN_NON_LITERAL_NULL_CONVERSION = YES;
				CLANG_WARN_OBJC_IMPLICIT_RETAIN_SELF = YES;
				CLANG_WARN_OBJC_LITERAL_CONVERSION = YES;
				CLANG_WARN_OBJC_ROOT_CLASS = YES_ERROR;
				CLANG_WARN_QUOTED_INCLUDE_IN_FRAMEWORK_HEADER = YES;
				CLANG_WARN_RANGE_LOOP_ANALYSIS = YES;
				CLANG_WARN_STRICT_PROTOTYPES = YES;
				CLANG_WARN_SUSPICIOUS_MOVE = YES;
				CLANG_WARN_UNGUARDED_AVAILABILITY = YES_AGGRESSIVE;
				CLANG_WARN_UNREACHABLE_CODE = YES;
				CLANG_WARN__DUPLICATE_METHOD_MATCH = YES;
				COPY_PHASE_STRIP = NO;
				DEBUG_INFORMATION_FORMAT = "dwarf-with-dsym";
				ENABLE_NS_ASSERTIONS = NO;
				ENABLE_STRICT_OBJC_MSGSEND = YES;
				ENABLE_USER_SCRIPT_SANDBOXING = YES;
				GCC_C_LANGUAGE_STANDARD = gnu17;
				GCC_NO_COMMON_BLOCKS = YES;
				GCC_WARN_64_TO_32_BIT_CONVERSION = YES;
				GCC_WARN_ABOUT_RETURN_TYPE = YES_ERROR;
				GCC_WARN_UNDECLARED_SELECTOR = YES;
				GCC_WARN_UNINITIALIZED_AUTOS = YES_AGGRESSIVE;
				GCC_WARN_UNUSED_FUNCTION = YES;
				GCC_WARN_UNUSED_VARIABLE = YES;
				IPHONEOS_DEPLOYMENT_TARGET = 17.4;
				LOCALIZATION_PREFERS_STRING_CATALOGS = YES;
				MTL_ENABLE_DEBUG_INFO = NO;
				MTL_FAST_MATH = YES;
				SDKROOT = iphoneos;
				SWIFT_COMPILATION_MODE = wholemodule;
				VALIDATE_PRODUCT = YES;
			};
			name = Release;
		};
		D62A3DE82C6A032900EE5AC8 /* Debug */ = {
			isa = XCBuildConfiguration;
			buildSettings = {
				ASSETCATALOG_COMPILER_APPICON_NAME = AppIcon;
				ASSETCATALOG_COMPILER_GLOBAL_ACCENT_COLOR_NAME = AccentColor;
				CODE_SIGN_STYLE = Automatic;
				CURRENT_PROJECT_VERSION = 1;
				DEVELOPMENT_ASSET_PATHS = "\"Switch/Preview Content\"";
				DEVELOPMENT_TEAM = SHK53SAK7F;
				ENABLE_PREVIEWS = YES;
				GENERATE_INFOPLIST_FILE = YES;
				INFOPLIST_KEY_UIApplicationSceneManifest_Generation = YES;
				INFOPLIST_KEY_UIApplicationSupportsIndirectInputEvents = YES;
				INFOPLIST_KEY_UILaunchScreen_Generation = YES;
				INFOPLIST_KEY_UISupportedInterfaceOrientations_iPad = "UIInterfaceOrientationPortrait UIInterfaceOrientationPortraitUpsideDown UIInterfaceOrientationLandscapeLeft UIInterfaceOrientationLandscapeRight";
				INFOPLIST_KEY_UISupportedInterfaceOrientations_iPhone = "UIInterfaceOrientationPortrait UIInterfaceOrientationLandscapeLeft UIInterfaceOrientationLandscapeRight";
				LD_RUNPATH_SEARCH_PATHS = (
					"$(inherited)",
					"@executable_path/Frameworks",
				);
				MARKETING_VERSION = 1.0;
				PRODUCT_BUNDLE_IDENTIFIER = com.cihan.Switch;
				PRODUCT_NAME = "$(TARGET_NAME)";
				SWIFT_EMIT_LOC_STRINGS = YES;
				SWIFT_VERSION = 5.0;
				TARGETED_DEVICE_FAMILY = "1,2";
			};
			name = Debug;
		};
		D62A3DE92C6A032900EE5AC8 /* Release */ = {
			isa = XCBuildConfiguration;
			buildSettings = {
				ASSETCATALOG_COMPILER_APPICON_NAME = AppIcon;
				ASSETCATALOG_COMPILER_GLOBAL_ACCENT_COLOR_NAME = AccentColor;
				CODE_SIGN_STYLE = Automatic;
				CURRENT_PROJECT_VERSION = 1;
				DEVELOPMENT_ASSET_PATHS = "\"Switch/Preview Content\"";
				DEVELOPMENT_TEAM = SHK53SAK7F;
				ENABLE_PREVIEWS = YES;
				GENERATE_INFOPLIST_FILE = YES;
				INFOPLIST_KEY_UIApplicationSceneManifest_Generation = YES;
				INFOPLIST_KEY_UIApplicationSupportsIndirectInputEvents = YES;
				INFOPLIST_KEY_UILaunchScreen_Generation = YES;
				INFOPLIST_KEY_UISupportedInterfaceOrientations_iPad = "UIInterfaceOrientationPortrait UIInterfaceOrientationPortraitUpsideDown UIInterfaceOrientationLandscapeLeft UIInterfaceOrientationLandscapeRight";
				INFOPLIST_KEY_UISupportedInterfaceOrientations_iPhone = "UIInterfaceOrientationPortrait UIInterfaceOrientationLandscapeLeft UIInterfaceOrientationLandscapeRight";
				LD_RUNPATH_SEARCH_PATHS = (
					"$(inherited)",
					"@executable_path/Frameworks",
				);
				MARKETING_VERSION = 1.0;
				PRODUCT_BUNDLE_IDENTIFIER = com.cihan.Switch;
				PRODUCT_NAME = "$(TARGET_NAME)";
				SWIFT_EMIT_LOC_STRINGS = YES;
				SWIFT_VERSION = 5.0;
				TARGETED_DEVICE_FAMILY = "1,2";
			};
			name = Release;
		};
		D62A3DEB2C6A032900EE5AC8 /* Debug */ = {
			isa = XCBuildConfiguration;
			buildSettings = {
				ALWAYS_EMBED_SWIFT_STANDARD_LIBRARIES = YES;
				BUNDLE_LOADER = "$(TEST_HOST)";
				CODE_SIGN_STYLE = Automatic;
				CURRENT_PROJECT_VERSION = 1;
				DEVELOPMENT_TEAM = SHK53SAK7F;
				GENERATE_INFOPLIST_FILE = YES;
				IPHONEOS_DEPLOYMENT_TARGET = 17.4;
				MARKETING_VERSION = 1.0;
				PRODUCT_BUNDLE_IDENTIFIER = com.cihan.SwitchTests;
				PRODUCT_NAME = "$(TARGET_NAME)";
				SWIFT_EMIT_LOC_STRINGS = NO;
				SWIFT_VERSION = 5.0;
				TARGETED_DEVICE_FAMILY = "1,2";
				TEST_HOST = "$(BUILT_PRODUCTS_DIR)/Switch.app/$(BUNDLE_EXECUTABLE_FOLDER_PATH)/Switch";
			};
			name = Debug;
		};
		D62A3DEC2C6A032900EE5AC8 /* Release */ = {
			isa = XCBuildConfiguration;
			buildSettings = {
				ALWAYS_EMBED_SWIFT_STANDARD_LIBRARIES = YES;
				BUNDLE_LOADER = "$(TEST_HOST)";
				CODE_SIGN_STYLE = Automatic;
				CURRENT_PROJECT_VERSION = 1;
				DEVELOPMENT_TEAM = SHK53SAK7F;
				GENERATE_INFOPLIST_FILE = YES;
				IPHONEOS_DEPLOYMENT_TARGET = 17.4;
				MARKETING_VERSION = 1.0;
				PRODUCT_BUNDLE_IDENTIFIER = com.cihan.SwitchTests;
				PRODUCT_NAME = "$(TARGET_NAME)";
				SWIFT_EMIT_LOC_STRINGS = NO;
				SWIFT_VERSION = 5.0;
				TARGETED_DEVICE_FAMILY = "1,2";
				TEST_HOST = "$(BUILT_PRODUCTS_DIR)/Switch.app/$(BUNDLE_EXECUTABLE_FOLDER_PATH)/Switch";
			};
			name = Release;
		};
		D62A3DEE2C6A032900EE5AC8 /* Debug */ = {
			isa = XCBuildConfiguration;
			buildSettings = {
				ALWAYS_EMBED_SWIFT_STANDARD_LIBRARIES = YES;
				CODE_SIGN_STYLE = Automatic;
				CURRENT_PROJECT_VERSION = 1;
				DEVELOPMENT_TEAM = SHK53SAK7F;
				GENERATE_INFOPLIST_FILE = YES;
				MARKETING_VERSION = 1.0;
				PRODUCT_BUNDLE_IDENTIFIER = com.cihan.SwitchUITests;
				PRODUCT_NAME = "$(TARGET_NAME)";
				SWIFT_EMIT_LOC_STRINGS = NO;
				SWIFT_VERSION = 5.0;
				TARGETED_DEVICE_FAMILY = "1,2";
				TEST_TARGET_NAME = Switch;
			};
			name = Debug;
		};
		D62A3DEF2C6A032900EE5AC8 /* Release */ = {
			isa = XCBuildConfiguration;
			buildSettings = {
				ALWAYS_EMBED_SWIFT_STANDARD_LIBRARIES = YES;
				CODE_SIGN_STYLE = Automatic;
				CURRENT_PROJECT_VERSION = 1;
				DEVELOPMENT_TEAM = SHK53SAK7F;
				GENERATE_INFOPLIST_FILE = YES;
				MARKETING_VERSION = 1.0;
				PRODUCT_BUNDLE_IDENTIFIER = com.cihan.SwitchUITests;
				PRODUCT_NAME = "$(TARGET_NAME)";
				SWIFT_EMIT_LOC_STRINGS = NO;
				SWIFT_VERSION = 5.0;
				TARGETED_DEVICE_FAMILY = "1,2";
				TEST_TARGET_NAME = Switch;
			};
			name = Release;
		};
/* End XCBuildConfiguration section */

/* Begin XCConfigurationList section */
		D62A3DBE2C6A032800EE5AC8 /* Build configuration list for PBXProject "Switch" */ = {
			isa = XCConfigurationList;
			buildConfigurations = (
				D62A3DE52C6A032900EE5AC8 /* Debug */,
				D62A3DE62C6A032900EE5AC8 /* Release */,
			);
			defaultConfigurationIsVisible = 0;
			defaultConfigurationName = Release;
		};
		D62A3DE72C6A032900EE5AC8 /* Build configuration list for PBXNativeTarget "Switch" */ = {
			isa = XCConfigurationList;
			buildConfigurations = (
				D62A3DE82C6A032900EE5AC8 /* Debug */,
				D62A3DE92C6A032900EE5AC8 /* Release */,
			);
			defaultConfigurationIsVisible = 0;
			defaultConfigurationName = Release;
		};
		D62A3DEA2C6A032900EE5AC8 /* Build configuration list for PBXNativeTarget "SwitchTests" */ = {
			isa = XCConfigurationList;
			buildConfigurations = (
				D62A3DEB2C6A032900EE5AC8 /* Debug */,
				D62A3DEC2C6A032900EE5AC8 /* Release */,
			);
			defaultConfigurationIsVisible = 0;
			defaultConfigurationName = Release;
		};
		D62A3DED2C6A032900EE5AC8 /* Build configuration list for PBXNativeTarget "SwitchUITests" */ = {
			isa = XCConfigurationList;
			buildConfigurations = (
				D62A3DEE2C6A032900EE5AC8 /* Debug */,
				D62A3DEF2C6A032900EE5AC8 /* Release */,
			);
			defaultConfigurationIsVisible = 0;
			defaultConfigurationName = Release;
		};
/* End XCConfigurationList section */
	};
	rootObject = D62A3DBB2C6A032800EE5AC8 /* Project object */;
}
